{
  "nodes": {
    "ciel": {
      "inputs": {
        "nix-eda": [
          "librelane",
          "nix-eda"
        ]
      },
      "locked": {
        "lastModified": 1751196116,
        "narHash": "sha256-y6w1MYMsgfSUPdJoKc+k+4xg0Zi1dUQtv+z71vyCLDU=",
        "owner": "fossi-foundation",
        "repo": "ciel",
        "rev": "1260b5f7d752e457d0bef3b1d9ab7fd044ad9c83",
        "type": "github"
      },
      "original": {
        "owner": "fossi-foundation",
        "repo": "ciel",
        "type": "github"
      }
    },
    "devshell": {
      "inputs": {
        "nixpkgs": [
          "librelane",
          "nix-eda",
          "nixpkgs"
        ]
      },
      "locked": {
        "lastModified": 1741473158,
        "narHash": "sha256-kWNaq6wQUbUMlPgw8Y+9/9wP0F8SHkjy24/mN3UAppg=",
        "owner": "numtide",
        "repo": "devshell",
        "rev": "7c9e793ebe66bcba8292989a68c0419b737a22a0",
        "type": "github"
      },
      "original": {
        "owner": "numtide",
        "repo": "devshell",
        "type": "github"
      }
    },
    "flake-compat": {
      "locked": {
        "lastModified": 1733328505,
        "narHash": "sha256-NeCCThCEP3eCl2l/+27kNNK7QrwZB1IJCrXfrbv5oqU=",
        "rev": "ff81ac966bb2cae68946d5ed5fc4994f96d0ffec",
        "revCount": 69,
        "type": "tarball",
        "url": "https://api.flakehub.com/f/pinned/edolstra/flake-compat/1.1.0/01948eb7-9cba-704f-bbf3-3fa956735b52/source.tar.gz"
      },
      "original": {
        "type": "tarball",
        "url": "https://flakehub.com/f/edolstra/flake-compat/1.tar.gz"
      }
    },
    "libparse": {
      "inputs": {
        "nixpkgs": [
          "librelane",
          "nix-eda",
          "nixpkgs"
        ]
      },
      "locked": {
        "lastModified": 1713178934,
        "narHash": "sha256-1w6HBBE2bWAD0GM98O8WZRmZDW9+EzD0KFvnnH2ho/k=",
        "owner": "efabless",
        "repo": "libparse-python",
        "rev": "cec8b6dfd3d1c97bc5ccd1d0a41c44e51bc9c1eb",
        "type": "github"
      },
      "original": {
        "owner": "efabless",
        "repo": "libparse-python",
        "type": "github"
      }
    },
    "librelane": {
      "inputs": {
        "ciel": "ciel",
        "devshell": "devshell",
        "flake-compat": "flake-compat",
        "libparse": "libparse",
        "nix-eda": "nix-eda"
      },
      "locked": {
        "lastModified": 1753635509,
        "narHash": "sha256-Rda47nyYgquE9NMiNBI2hP3NPMOD8UocK/QW6SGv3Dg=",
        "owner": "librelane",
        "repo": "librelane",
        "rev": "c024ae6074736ccfa89eaa4a1263cae62156222a",
        "type": "github"
      },
      "original": {
        "owner": "librelane",
        "ref": "dev",
        "repo": "librelane",
        "type": "github"
      }
    },
    "nix-eda": {
      "inputs": {
        "nixpkgs": "nixpkgs"
      },
      "locked": {
        "lastModified": 1750853707,
        "narHash": "sha256-qEWB2wesmKI2y7F1d1DWBHxCA4ohtelZiZPpL1fEWgc=",
        "owner": "fossi-foundation",
        "repo": "nix-eda",
        "rev": "b488fa6428c07de92cbd491e52fbf9691d069b9b",
        "type": "github"
      },
      "original": {
        "owner": "fossi-foundation",
        "ref": "donn/nixos_2505",
        "repo": "nix-eda",
        "type": "github"
      }
    },
    "nixpkgs": {
      "locked": {
        "lastModified": 1750400657,
        "narHash": "sha256-3vkjFnxCOP6vm5Pm13wC/Zy6/VYgei/I/2DWgW4RFeA=",
        "owner": "nixos",
        "repo": "nixpkgs",
        "rev": "b2485d56967598da068b5a6946dadda8bfcbcd37",
        "type": "github"
      },
      "original": {
        "owner": "nixos",
        "ref": "nixos-25.05",
        "repo": "nixpkgs",
        "type": "github"
      }
    },
    "root": {
      "inputs": {
        "librelane": "librelane"
      }
    }
  },
  "root": "root",
  "version": 7
}
